// !$*UTF8*$!
{
	archiveVersion = 1;
	classes = {
	};
	objectVersion = 46;
	objects = {

/* Begin PBXBuildFile section */
		23105D14206D8306006052C4 /* TableTextController.swift in Sources */ = {isa = PBXBuildFile; fileRef = 23105D13206D8306006052C4 /* TableTextController.swift */; };
		23105D16206D8580006052C4 /* PartyTableController.swift in Sources */ = {isa = PBXBuildFile; fileRef = 23105D15206D8580006052C4 /* PartyTableController.swift */; };
		23105D18206D8CC0006052C4 /* TableSongController.swift in Sources */ = {isa = PBXBuildFile; fileRef = 23105D17206D8CC0006052C4 /* TableSongController.swift */; };
		23105D1A206D8CFB006052C4 /* AddTableViewController.swift in Sources */ = {isa = PBXBuildFile; fileRef = 23105D19206D8CFB006052C4 /* AddTableViewController.swift */; };
		23105D1C206DBADA006052C4 /* CategoryTableViewController.swift in Sources */ = {isa = PBXBuildFile; fileRef = 23105D1B206DBADA006052C4 /* CategoryTableViewController.swift */; };
		23105D1E206DBB07006052C4 /* SortedSongTableViewController.swift in Sources */ = {isa = PBXBuildFile; fileRef = 23105D1D206DBB07006052C4 /* SortedSongTableViewController.swift */; };
		23105D20206DC18B006052C4 /* GenericViewController.swift in Sources */ = {isa = PBXBuildFile; fileRef = 23105D1F206DC18B006052C4 /* GenericViewController.swift */; };
		232761C82068AE7C006D3155 /* FirstScreen.swift in Sources */ = {isa = PBXBuildFile; fileRef = 232761C72068AE7C006D3155 /* FirstScreen.swift */; };
		23866E78207DA62200870D68 /* SQLInteract.swift in Sources */ = {isa = PBXBuildFile; fileRef = 23866E77207DA62200870D68 /* SQLInteract.swift */; };
		23866E7A207DA6BE00870D68 /* Party.swift in Sources */ = {isa = PBXBuildFile; fileRef = 23866E79207DA6BE00870D68 /* Party.swift */; };
		23866E7E207DAFB900870D68 /* Song.swift in Sources */ = {isa = PBXBuildFile; fileRef = 23866E7D207DAFB900870D68 /* Song.swift */; };
		23866E80207DB79300870D68 /* PlayerViewController.swift in Sources */ = {isa = PBXBuildFile; fileRef = 23866E7F207DB79300870D68 /* PlayerViewController.swift */; };
		23866E82207DBC6900870D68 /* SubscribedViewController.swift in Sources */ = {isa = PBXBuildFile; fileRef = 23866E81207DBC6900870D68 /* SubscribedViewController.swift */; };
		23866E84207DBC7400870D68 /* CreatedViewController.swift in Sources */ = {isa = PBXBuildFile; fileRef = 23866E83207DBC7400870D68 /* CreatedViewController.swift */; };
		23C6B0D72074903A009D2FDF /* SearchGenericViewController.swift in Sources */ = {isa = PBXBuildFile; fileRef = 23C6B0D62074903A009D2FDF /* SearchGenericViewController.swift */; };
		23CED15A20746E63007BF106 /* TabViewController.swift in Sources */ = {isa = PBXBuildFile; fileRef = 23CED15920746E63007BF106 /* TabViewController.swift */; };
		23CED15C2074710F007BF106 /* HomeGenericViewViewController.swift in Sources */ = {isa = PBXBuildFile; fileRef = 23CED15B2074710F007BF106 /* HomeGenericViewViewController.swift */; };
		23D91609207DC7060090CB1C /* ShowSongViewController.swift in Sources */ = {isa = PBXBuildFile; fileRef = 23D91608207DC7060090CB1C /* ShowSongViewController.swift */; };
		C0E25BF0A5EC585762240CC3 /* Pods_SpotifySDKDemo.framework in Frameworks */ = {isa = PBXBuildFile; fileRef = 771C39490ED84EEB0DF12177 /* Pods_SpotifySDKDemo.framework */; };
		EF34844D1E55D5BA007F7453 /* AppDelegate.swift in Sources */ = {isa = PBXBuildFile; fileRef = EF34844C1E55D5BA007F7453 /* AppDelegate.swift */; };
		EF34844F1E55D5BA007F7453 /* MainViewController.swift in Sources */ = {isa = PBXBuildFile; fileRef = EF34844E1E55D5BA007F7453 /* MainViewController.swift */; };
		EF3484521E55D5BA007F7453 /* Main.storyboard in Resources */ = {isa = PBXBuildFile; fileRef = EF3484501E55D5BA007F7453 /* Main.storyboard */; };
		EF3484541E55D5BA007F7453 /* Assets.xcassets in Resources */ = {isa = PBXBuildFile; fileRef = EF3484531E55D5BA007F7453 /* Assets.xcassets */; };
		EF3484621E55D5BA007F7453 /* SpotifySDKDemoTests.swift in Sources */ = {isa = PBXBuildFile; fileRef = EF3484611E55D5BA007F7453 /* SpotifySDKDemoTests.swift */; };
		EF34846D1E55D5BA007F7453 /* SpotifySDKDemoUITests.swift in Sources */ = {isa = PBXBuildFile; fileRef = EF34846C1E55D5BA007F7453 /* SpotifySDKDemoUITests.swift */; };
		EF34847D1E55D5FE007F7453 /* SpotifyMetadata.framework in Frameworks */ = {isa = PBXBuildFile; fileRef = EF34847A1E55D5FE007F7453 /* SpotifyMetadata.framework */; };
		EF34847E1E55D5FE007F7453 /* SpotifyAudioPlayback.framework in Frameworks */ = {isa = PBXBuildFile; fileRef = EF34847B1E55D5FE007F7453 /* SpotifyAudioPlayback.framework */; };
		EF34847F1E55D5FE007F7453 /* SpotifyAuthentication.framework in Frameworks */ = {isa = PBXBuildFile; fileRef = EF34847C1E55D5FE007F7453 /* SpotifyAuthentication.framework */; };
/* End PBXBuildFile section */

/* Begin PBXContainerItemProxy section */
		EF34845E1E55D5BA007F7453 /* PBXContainerItemProxy */ = {
			isa = PBXContainerItemProxy;
			containerPortal = EF3484411E55D5BA007F7453 /* Project object */;
			proxyType = 1;
			remoteGlobalIDString = EF3484481E55D5BA007F7453;
			remoteInfo = SpotifySDKDemo;
		};
		EF3484691E55D5BA007F7453 /* PBXContainerItemProxy */ = {
			isa = PBXContainerItemProxy;
			containerPortal = EF3484411E55D5BA007F7453 /* Project object */;
			proxyType = 1;
			remoteGlobalIDString = EF3484481E55D5BA007F7453;
			remoteInfo = SpotifySDKDemo;
		};
/* End PBXContainerItemProxy section */

/* Begin PBXFileReference section */
		1E98C3FF4A756BE6A0C60FF0 /* Pods-SpotifySDKDemo.debug.xcconfig */ = {isa = PBXFileReference; includeInIndex = 1; lastKnownFileType = text.xcconfig; name = "Pods-SpotifySDKDemo.debug.xcconfig"; path = "Pods/Target Support Files/Pods-SpotifySDKDemo/Pods-SpotifySDKDemo.debug.xcconfig"; sourceTree = "<group>"; };
		23105D13206D8306006052C4 /* TableTextController.swift */ = {isa = PBXFileReference; fileEncoding = 4; lastKnownFileType = sourcecode.swift; path = TableTextController.swift; sourceTree = "<group>"; };
		23105D15206D8580006052C4 /* PartyTableController.swift */ = {isa = PBXFileReference; lastKnownFileType = sourcecode.swift; path = PartyTableController.swift; sourceTree = "<group>"; };
		23105D17206D8CC0006052C4 /* TableSongController.swift */ = {isa = PBXFileReference; lastKnownFileType = sourcecode.swift; path = TableSongController.swift; sourceTree = "<group>"; };
		23105D19206D8CFB006052C4 /* AddTableViewController.swift */ = {isa = PBXFileReference; lastKnownFileType = sourcecode.swift; path = AddTableViewController.swift; sourceTree = "<group>"; };
		23105D1B206DBADA006052C4 /* CategoryTableViewController.swift */ = {isa = PBXFileReference; lastKnownFileType = sourcecode.swift; path = CategoryTableViewController.swift; sourceTree = "<group>"; };
		23105D1D206DBB07006052C4 /* SortedSongTableViewController.swift */ = {isa = PBXFileReference; lastKnownFileType = sourcecode.swift; path = SortedSongTableViewController.swift; sourceTree = "<group>"; };
		23105D1F206DC18B006052C4 /* GenericViewController.swift */ = {isa = PBXFileReference; lastKnownFileType = sourcecode.swift; path = GenericViewController.swift; sourceTree = "<group>"; };
		232761C72068AE7C006D3155 /* FirstScreen.swift */ = {isa = PBXFileReference; lastKnownFileType = sourcecode.swift; path = FirstScreen.swift; sourceTree = "<group>"; };
		23866E77207DA62200870D68 /* SQLInteract.swift */ = {isa = PBXFileReference; fileEncoding = 4; lastKnownFileType = sourcecode.swift; path = SQLInteract.swift; sourceTree = "<group>"; };
		23866E79207DA6BE00870D68 /* Party.swift */ = {isa = PBXFileReference; lastKnownFileType = sourcecode.swift; path = Party.swift; sourceTree = "<group>"; };
		23866E7D207DAFB900870D68 /* Song.swift */ = {isa = PBXFileReference; lastKnownFileType = sourcecode.swift; path = Song.swift; sourceTree = "<group>"; };
		23866E7F207DB79300870D68 /* PlayerViewController.swift */ = {isa = PBXFileReference; lastKnownFileType = sourcecode.swift; path = PlayerViewController.swift; sourceTree = "<group>"; };
		23866E81207DBC6900870D68 /* SubscribedViewController.swift */ = {isa = PBXFileReference; lastKnownFileType = sourcecode.swift; path = SubscribedViewController.swift; sourceTree = "<group>"; };
		23866E83207DBC7400870D68 /* CreatedViewController.swift */ = {isa = PBXFileReference; lastKnownFileType = sourcecode.swift; path = CreatedViewController.swift; sourceTree = "<group>"; };
		23C6B0D62074903A009D2FDF /* SearchGenericViewController.swift */ = {isa = PBXFileReference; lastKnownFileType = sourcecode.swift; path = SearchGenericViewController.swift; sourceTree = "<group>"; };
		23CED15920746E63007BF106 /* TabViewController.swift */ = {isa = PBXFileReference; lastKnownFileType = sourcecode.swift; path = TabViewController.swift; sourceTree = "<group>"; };
		23CED15B2074710F007BF106 /* HomeGenericViewViewController.swift */ = {isa = PBXFileReference; lastKnownFileType = sourcecode.swift; path = HomeGenericViewViewController.swift; sourceTree = "<group>"; };
		23D91608207DC7060090CB1C /* ShowSongViewController.swift */ = {isa = PBXFileReference; lastKnownFileType = sourcecode.swift; path = ShowSongViewController.swift; sourceTree = "<group>"; };
		771C39490ED84EEB0DF12177 /* Pods_SpotifySDKDemo.framework */ = {isa = PBXFileReference; explicitFileType = wrapper.framework; includeInIndex = 0; path = Pods_SpotifySDKDemo.framework; sourceTree = BUILT_PRODUCTS_DIR; };
		AEFE756EAA79969CD11C4C34 /* Pods-SpotifySDKDemo.release.xcconfig */ = {isa = PBXFileReference; includeInIndex = 1; lastKnownFileType = text.xcconfig; name = "Pods-SpotifySDKDemo.release.xcconfig"; path = "Pods/Target Support Files/Pods-SpotifySDKDemo/Pods-SpotifySDKDemo.release.xcconfig"; sourceTree = "<group>"; };
		EF3484491E55D5BA007F7453 /* SpotifySDKDemo.app */ = {isa = PBXFileReference; explicitFileType = wrapper.application; includeInIndex = 0; path = SpotifySDKDemo.app; sourceTree = BUILT_PRODUCTS_DIR; };
		EF34844C1E55D5BA007F7453 /* AppDelegate.swift */ = {isa = PBXFileReference; lastKnownFileType = sourcecode.swift; path = AppDelegate.swift; sourceTree = "<group>"; };
		EF34844E1E55D5BA007F7453 /* MainViewController.swift */ = {isa = PBXFileReference; lastKnownFileType = sourcecode.swift; path = MainViewController.swift; sourceTree = "<group>"; };
		EF3484511E55D5BA007F7453 /* Base */ = {isa = PBXFileReference; lastKnownFileType = file.storyboard; name = Base; path = Base.lproj/Main.storyboard; sourceTree = "<group>"; };
		EF3484531E55D5BA007F7453 /* Assets.xcassets */ = {isa = PBXFileReference; lastKnownFileType = folder.assetcatalog; path = Assets.xcassets; sourceTree = "<group>"; };
		EF3484581E55D5BA007F7453 /* Info.plist */ = {isa = PBXFileReference; lastKnownFileType = text.plist.xml; path = Info.plist; sourceTree = "<group>"; };
		EF34845D1E55D5BA007F7453 /* SpotifySDKDemoTests.xctest */ = {isa = PBXFileReference; explicitFileType = wrapper.cfbundle; includeInIndex = 0; path = SpotifySDKDemoTests.xctest; sourceTree = BUILT_PRODUCTS_DIR; };
		EF3484611E55D5BA007F7453 /* SpotifySDKDemoTests.swift */ = {isa = PBXFileReference; lastKnownFileType = sourcecode.swift; path = SpotifySDKDemoTests.swift; sourceTree = "<group>"; };
		EF3484631E55D5BA007F7453 /* Info.plist */ = {isa = PBXFileReference; lastKnownFileType = text.plist.xml; path = Info.plist; sourceTree = "<group>"; };
		EF3484681E55D5BA007F7453 /* SpotifySDKDemoUITests.xctest */ = {isa = PBXFileReference; explicitFileType = wrapper.cfbundle; includeInIndex = 0; path = SpotifySDKDemoUITests.xctest; sourceTree = BUILT_PRODUCTS_DIR; };
		EF34846C1E55D5BA007F7453 /* SpotifySDKDemoUITests.swift */ = {isa = PBXFileReference; lastKnownFileType = sourcecode.swift; path = SpotifySDKDemoUITests.swift; sourceTree = "<group>"; };
		EF34846E1E55D5BA007F7453 /* Info.plist */ = {isa = PBXFileReference; lastKnownFileType = text.plist.xml; path = Info.plist; sourceTree = "<group>"; };
		EF34847A1E55D5FE007F7453 /* SpotifyMetadata.framework */ = {isa = PBXFileReference; lastKnownFileType = wrapper.framework; path = SpotifyMetadata.framework; sourceTree = "<group>"; };
		EF34847B1E55D5FE007F7453 /* SpotifyAudioPlayback.framework */ = {isa = PBXFileReference; lastKnownFileType = wrapper.framework; path = SpotifyAudioPlayback.framework; sourceTree = "<group>"; };
		EF34847C1E55D5FE007F7453 /* SpotifyAuthentication.framework */ = {isa = PBXFileReference; lastKnownFileType = wrapper.framework; path = SpotifyAuthentication.framework; sourceTree = "<group>"; };
		EF3484811E55D686007F7453 /* SpotifySDKDemo-Bridging-Header.h */ = {isa = PBXFileReference; lastKnownFileType = sourcecode.c.h; path = "SpotifySDKDemo-Bridging-Header.h"; sourceTree = "<group>"; };
/* End PBXFileReference section */

/* Begin PBXFrameworksBuildPhase section */
		EF3484461E55D5BA007F7453 /* Frameworks */ = {
			isa = PBXFrameworksBuildPhase;
			buildActionMask = 2147483647;
			files = (
				EF34847D1E55D5FE007F7453 /* SpotifyMetadata.framework in Frameworks */,
				EF34847F1E55D5FE007F7453 /* SpotifyAuthentication.framework in Frameworks */,
				EF34847E1E55D5FE007F7453 /* SpotifyAudioPlayback.framework in Frameworks */,
				C0E25BF0A5EC585762240CC3 /* Pods_SpotifySDKDemo.framework in Frameworks */,
			);
			runOnlyForDeploymentPostprocessing = 0;
		};
		EF34845A1E55D5BA007F7453 /* Frameworks */ = {
			isa = PBXFrameworksBuildPhase;
			buildActionMask = 2147483647;
			files = (
			);
			runOnlyForDeploymentPostprocessing = 0;
		};
		EF3484651E55D5BA007F7453 /* Frameworks */ = {
			isa = PBXFrameworksBuildPhase;
			buildActionMask = 2147483647;
			files = (
			);
			runOnlyForDeploymentPostprocessing = 0;
		};
/* End PBXFrameworksBuildPhase section */

/* Begin PBXGroup section */
		23866E76207DA5FE00870D68 /* Objects */ = {
			isa = PBXGroup;
			children = (
				23866E77207DA62200870D68 /* SQLInteract.swift */,
				23866E79207DA6BE00870D68 /* Party.swift */,
				23866E7D207DAFB900870D68 /* Song.swift */,
			);
			path = Objects;
			sourceTree = "<group>";
		};
		341F1E238D487CA8462C1273 /* Pods */ = {
			isa = PBXGroup;
			children = (
				1E98C3FF4A756BE6A0C60FF0 /* Pods-SpotifySDKDemo.debug.xcconfig */,
				AEFE756EAA79969CD11C4C34 /* Pods-SpotifySDKDemo.release.xcconfig */,
			);
			name = Pods;
			sourceTree = "<group>";
		};
		EC5D4F08398966F39031E164 /* Frameworks */ = {
			isa = PBXGroup;
			children = (
				771C39490ED84EEB0DF12177 /* Pods_SpotifySDKDemo.framework */,
			);
			name = Frameworks;
			sourceTree = "<group>";
		};
		EF3484401E55D5BA007F7453 = {
			isa = PBXGroup;
			children = (
				EF34844B1E55D5BA007F7453 /* SpotifySDKDemo */,
				EF3484601E55D5BA007F7453 /* SpotifySDKDemoTests */,
				EF34846B1E55D5BA007F7453 /* SpotifySDKDemoUITests */,
				EF34844A1E55D5BA007F7453 /* Products */,
				341F1E238D487CA8462C1273 /* Pods */,
				EC5D4F08398966F39031E164 /* Frameworks */,
			);
			sourceTree = "<group>";
		};
		EF34844A1E55D5BA007F7453 /* Products */ = {
			isa = PBXGroup;
			children = (
				EF3484491E55D5BA007F7453 /* SpotifySDKDemo.app */,
				EF34845D1E55D5BA007F7453 /* SpotifySDKDemoTests.xctest */,
				EF3484681E55D5BA007F7453 /* SpotifySDKDemoUITests.xctest */,
			);
			name = Products;
			sourceTree = "<group>";
		};
		EF34844B1E55D5BA007F7453 /* SpotifySDKDemo */ = {
			isa = PBXGroup;
			children = (
				23866E76207DA5FE00870D68 /* Objects */,
				EF3484801E55D609007F7453 /* Spotify Frameworks */,
				EF34844C1E55D5BA007F7453 /* AppDelegate.swift */,
				EF34844E1E55D5BA007F7453 /* MainViewController.swift */,
				EF3484501E55D5BA007F7453 /* Main.storyboard */,
				EF3484531E55D5BA007F7453 /* Assets.xcassets */,
				EF3484581E55D5BA007F7453 /* Info.plist */,
				EF3484811E55D686007F7453 /* SpotifySDKDemo-Bridging-Header.h */,
				232761C72068AE7C006D3155 /* FirstScreen.swift */,
				23105D13206D8306006052C4 /* TableTextController.swift */,
				23105D15206D8580006052C4 /* PartyTableController.swift */,
				23105D17206D8CC0006052C4 /* TableSongController.swift */,
				23105D19206D8CFB006052C4 /* AddTableViewController.swift */,
				23105D1B206DBADA006052C4 /* CategoryTableViewController.swift */,
				23105D1D206DBB07006052C4 /* SortedSongTableViewController.swift */,
				23105D1F206DC18B006052C4 /* GenericViewController.swift */,
				23CED15920746E63007BF106 /* TabViewController.swift */,
				23CED15B2074710F007BF106 /* HomeGenericViewViewController.swift */,
				23C6B0D62074903A009D2FDF /* SearchGenericViewController.swift */,
				23866E7F207DB79300870D68 /* PlayerViewController.swift */,
				23866E81207DBC6900870D68 /* SubscribedViewController.swift */,
				23866E83207DBC7400870D68 /* CreatedViewController.swift */,
				23D91608207DC7060090CB1C /* ShowSongViewController.swift */,
			);
			path = SpotifySDKDemo;
			sourceTree = "<group>";
		};
		EF3484601E55D5BA007F7453 /* SpotifySDKDemoTests */ = {
			isa = PBXGroup;
			children = (
				EF3484611E55D5BA007F7453 /* SpotifySDKDemoTests.swift */,
				EF3484631E55D5BA007F7453 /* Info.plist */,
			);
			path = SpotifySDKDemoTests;
			sourceTree = "<group>";
		};
		EF34846B1E55D5BA007F7453 /* SpotifySDKDemoUITests */ = {
			isa = PBXGroup;
			children = (
				EF34846C1E55D5BA007F7453 /* SpotifySDKDemoUITests.swift */,
				EF34846E1E55D5BA007F7453 /* Info.plist */,
			);
			path = SpotifySDKDemoUITests;
			sourceTree = "<group>";
		};
		EF3484801E55D609007F7453 /* Spotify Frameworks */ = {
			isa = PBXGroup;
			children = (
				EF34847A1E55D5FE007F7453 /* SpotifyMetadata.framework */,
				EF34847B1E55D5FE007F7453 /* SpotifyAudioPlayback.framework */,
				EF34847C1E55D5FE007F7453 /* SpotifyAuthentication.framework */,
			);
			name = "Spotify Frameworks";
			sourceTree = "<group>";
		};
/* End PBXGroup section */

/* Begin PBXNativeTarget section */
		EF3484481E55D5BA007F7453 /* SpotifySDKDemo */ = {
			isa = PBXNativeTarget;
			buildConfigurationList = EF3484711E55D5BA007F7453 /* Build configuration list for PBXNativeTarget "SpotifySDKDemo" */;
			buildPhases = (
				3D3169956DEC5926FC7E0AD2 /* [CP] Check Pods Manifest.lock */,
				EF3484451E55D5BA007F7453 /* Sources */,
				EF3484461E55D5BA007F7453 /* Frameworks */,
				EF3484471E55D5BA007F7453 /* Resources */,
				D416538895BBB600F0A93FAE /* [CP] Embed Pods Frameworks */,
			);
			buildRules = (
			);
			dependencies = (
			);
			name = SpotifySDKDemo;
			productName = SpotifySDKDemo;
			productReference = EF3484491E55D5BA007F7453 /* SpotifySDKDemo.app */;
			productType = "com.apple.product-type.application";
		};
		EF34845C1E55D5BA007F7453 /* SpotifySDKDemoTests */ = {
			isa = PBXNativeTarget;
			buildConfigurationList = EF3484741E55D5BA007F7453 /* Build configuration list for PBXNativeTarget "SpotifySDKDemoTests" */;
			buildPhases = (
				EF3484591E55D5BA007F7453 /* Sources */,
				EF34845A1E55D5BA007F7453 /* Frameworks */,
				EF34845B1E55D5BA007F7453 /* Resources */,
			);
			buildRules = (
			);
			dependencies = (
				EF34845F1E55D5BA007F7453 /* PBXTargetDependency */,
			);
			name = SpotifySDKDemoTests;
			productName = SpotifySDKDemoTests;
			productReference = EF34845D1E55D5BA007F7453 /* SpotifySDKDemoTests.xctest */;
			productType = "com.apple.product-type.bundle.unit-test";
		};
		EF3484671E55D5BA007F7453 /* SpotifySDKDemoUITests */ = {
			isa = PBXNativeTarget;
			buildConfigurationList = EF3484771E55D5BA007F7453 /* Build configuration list for PBXNativeTarget "SpotifySDKDemoUITests" */;
			buildPhases = (
				EF3484641E55D5BA007F7453 /* Sources */,
				EF3484651E55D5BA007F7453 /* Frameworks */,
				EF3484661E55D5BA007F7453 /* Resources */,
			);
			buildRules = (
			);
			dependencies = (
				EF34846A1E55D5BA007F7453 /* PBXTargetDependency */,
			);
			name = SpotifySDKDemoUITests;
			productName = SpotifySDKDemoUITests;
			productReference = EF3484681E55D5BA007F7453 /* SpotifySDKDemoUITests.xctest */;
			productType = "com.apple.product-type.bundle.ui-testing";
		};
/* End PBXNativeTarget section */

/* Begin PBXProject section */
		EF3484411E55D5BA007F7453 /* Project object */ = {
			isa = PBXProject;
			attributes = {
				LastSwiftUpdateCheck = 0810;
				LastUpgradeCheck = 0920;
				ORGANIZATIONNAME = "Elon Rubin";
				TargetAttributes = {
					EF3484481E55D5BA007F7453 = {
						CreatedOnToolsVersion = 8.1;
						DevelopmentTeam = DN492V4654;
						LastSwiftMigration = 0920;
						ProvisioningStyle = Automatic;
					};
					EF34845C1E55D5BA007F7453 = {
						CreatedOnToolsVersion = 8.1;
						DevelopmentTeam = U7QG5FXY5E;
						LastSwiftMigration = 0920;
						ProvisioningStyle = Automatic;
						TestTargetID = EF3484481E55D5BA007F7453;
					};
					EF3484671E55D5BA007F7453 = {
						CreatedOnToolsVersion = 8.1;
						DevelopmentTeam = U7QG5FXY5E;
						LastSwiftMigration = 0920;
						ProvisioningStyle = Automatic;
						TestTargetID = EF3484481E55D5BA007F7453;
					};
				};
			};
			buildConfigurationList = EF3484441E55D5BA007F7453 /* Build configuration list for PBXProject "SpotifySDKDemo" */;
			compatibilityVersion = "Xcode 3.2";
			developmentRegion = English;
			hasScannedForEncodings = 0;
			knownRegions = (
				en,
				Base,
			);
			mainGroup = EF3484401E55D5BA007F7453;
			productRefGroup = EF34844A1E55D5BA007F7453 /* Products */;
			projectDirPath = "";
			projectRoot = "";
			targets = (
				EF3484481E55D5BA007F7453 /* SpotifySDKDemo */,
				EF34845C1E55D5BA007F7453 /* SpotifySDKDemoTests */,
				EF3484671E55D5BA007F7453 /* SpotifySDKDemoUITests */,
			);
		};
/* End PBXProject section */

/* Begin PBXResourcesBuildPhase section */
		EF3484471E55D5BA007F7453 /* Resources */ = {
			isa = PBXResourcesBuildPhase;
			buildActionMask = 2147483647;
			files = (
				EF3484541E55D5BA007F7453 /* Assets.xcassets in Resources */,
				EF3484521E55D5BA007F7453 /* Main.storyboard in Resources */,
			);
			runOnlyForDeploymentPostprocessing = 0;
		};
		EF34845B1E55D5BA007F7453 /* Resources */ = {
			isa = PBXResourcesBuildPhase;
			buildActionMask = 2147483647;
			files = (
			);
			runOnlyForDeploymentPostprocessing = 0;
		};
		EF3484661E55D5BA007F7453 /* Resources */ = {
			isa = PBXResourcesBuildPhase;
			buildActionMask = 2147483647;
			files = (
			);
			runOnlyForDeploymentPostprocessing = 0;
		};
/* End PBXResourcesBuildPhase section */

/* Begin PBXShellScriptBuildPhase section */
		3D3169956DEC5926FC7E0AD2 /* [CP] Check Pods Manifest.lock */ = {
			isa = PBXShellScriptBuildPhase;
			buildActionMask = 2147483647;
			files = (
			);
			inputPaths = (
				"${PODS_PODFILE_DIR_PATH}/Podfile.lock",
				"${PODS_ROOT}/Manifest.lock",
			);
			name = "[CP] Check Pods Manifest.lock";
			outputPaths = (
				"$(DERIVED_FILE_DIR)/Pods-SpotifySDKDemo-checkManifestLockResult.txt",
			);
			runOnlyForDeploymentPostprocessing = 0;
			shellPath = /bin/sh;
			shellScript = "diff \"${PODS_PODFILE_DIR_PATH}/Podfile.lock\" \"${PODS_ROOT}/Manifest.lock\" > /dev/null\nif [ $? != 0 ] ; then\n    # print error to STDERR\n    echo \"error: The sandbox is not in sync with the Podfile.lock. Run 'pod install' or update your CocoaPods installation.\" >&2\n    exit 1\nfi\n# This output is used by Xcode 'outputs' to avoid re-running this script phase.\necho \"SUCCESS\" > \"${SCRIPT_OUTPUT_FILE_0}\"\n";
			showEnvVarsInLog = 0;
		};
		D416538895BBB600F0A93FAE /* [CP] Embed Pods Frameworks */ = {
			isa = PBXShellScriptBuildPhase;
			buildActionMask = 2147483647;
			files = (
			);
			inputPaths = (
				"${SRCROOT}/Pods/Target Support Files/Pods-SpotifySDKDemo/Pods-SpotifySDKDemo-frameworks.sh",
				"${BUILT_PRODUCTS_DIR}/AlamoRecord/AlamoRecord.framework",
				"${BUILT_PRODUCTS_DIR}/Alamofire/Alamofire.framework",
				"${BUILT_PRODUCTS_DIR}/Alamofire-Synchronous/Alamofire_Synchronous.framework",
				"${BUILT_PRODUCTS_DIR}/AlamofireObjectMapper/AlamofireObjectMapper.framework",
				"${BUILT_PRODUCTS_DIR}/IQKeyboardManagerSwift/IQKeyboardManagerSwift.framework",
				"${BUILT_PRODUCTS_DIR}/ObjectMapper/ObjectMapper.framework",
				"${BUILT_PRODUCTS_DIR}/Spartan/Spartan.framework",
			);
			name = "[CP] Embed Pods Frameworks";
			outputPaths = (
				"${TARGET_BUILD_DIR}/${FRAMEWORKS_FOLDER_PATH}/AlamoRecord.framework",
				"${TARGET_BUILD_DIR}/${FRAMEWORKS_FOLDER_PATH}/Alamofire.framework",
				"${TARGET_BUILD_DIR}/${FRAMEWORKS_FOLDER_PATH}/Alamofire_Synchronous.framework",
				"${TARGET_BUILD_DIR}/${FRAMEWORKS_FOLDER_PATH}/AlamofireObjectMapper.framework",
				"${TARGET_BUILD_DIR}/${FRAMEWORKS_FOLDER_PATH}/IQKeyboardManagerSwift.framework",
				"${TARGET_BUILD_DIR}/${FRAMEWORKS_FOLDER_PATH}/ObjectMapper.framework",
				"${TARGET_BUILD_DIR}/${FRAMEWORKS_FOLDER_PATH}/Spartan.framework",
			);
			runOnlyForDeploymentPostprocessing = 0;
			shellPath = /bin/sh;
			shellScript = "\"${SRCROOT}/Pods/Target Support Files/Pods-SpotifySDKDemo/Pods-SpotifySDKDemo-frameworks.sh\"\n";
			showEnvVarsInLog = 0;
		};
/* End PBXShellScriptBuildPhase section */

/* Begin PBXSourcesBuildPhase section */
		EF3484451E55D5BA007F7453 /* Sources */ = {
			isa = PBXSourcesBuildPhase;
			buildActionMask = 2147483647;
			files = (
				EF34844F1E55D5BA007F7453 /* MainViewController.swift in Sources */,
				23866E7A207DA6BE00870D68 /* Party.swift in Sources */,
				23105D1A206D8CFB006052C4 /* AddTableViewController.swift in Sources */,
				23CED15C2074710F007BF106 /* HomeGenericViewViewController.swift in Sources */,
				23866E82207DBC6900870D68 /* SubscribedViewController.swift in Sources */,
				23105D20206DC18B006052C4 /* GenericViewController.swift in Sources */,
				23105D1E206DBB07006052C4 /* SortedSongTableViewController.swift in Sources */,
				23105D16206D8580006052C4 /* PartyTableController.swift in Sources */,
				23866E78207DA62200870D68 /* SQLInteract.swift in Sources */,
				23105D1C206DBADA006052C4 /* CategoryTableViewController.swift in Sources */,
				23CED15A20746E63007BF106 /* TabViewController.swift in Sources */,
				23C6B0D72074903A009D2FDF /* SearchGenericViewController.swift in Sources */,
				23105D14206D8306006052C4 /* TableTextController.swift in Sources */,
				23866E7E207DAFB900870D68 /* Song.swift in Sources */,
				EF34844D1E55D5BA007F7453 /* AppDelegate.swift in Sources */,
				23866E84207DBC7400870D68 /* CreatedViewController.swift in Sources */,
				232761C82068AE7C006D3155 /* FirstScreen.swift in Sources */,
				23105D18206D8CC0006052C4 /* TableSongController.swift in Sources */,
				23D91609207DC7060090CB1C /* ShowSongViewController.swift in Sources */,
				23866E80207DB79300870D68 /* PlayerViewController.swift in Sources */,
			);
			runOnlyForDeploymentPostprocessing = 0;
		};
		EF3484591E55D5BA007F7453 /* Sources */ = {
			isa = PBXSourcesBuildPhase;
			buildActionMask = 2147483647;
			files = (
				EF3484621E55D5BA007F7453 /* SpotifySDKDemoTests.swift in Sources */,
			);
			runOnlyForDeploymentPostprocessing = 0;
		};
		EF3484641E55D5BA007F7453 /* Sources */ = {
			isa = PBXSourcesBuildPhase;
			buildActionMask = 2147483647;
			files = (
				EF34846D1E55D5BA007F7453 /* SpotifySDKDemoUITests.swift in Sources */,
			);
			runOnlyForDeploymentPostprocessing = 0;
		};
/* End PBXSourcesBuildPhase section */

/* Begin PBXTargetDependency section */
		EF34845F1E55D5BA007F7453 /* PBXTargetDependency */ = {
			isa = PBXTargetDependency;
			target = EF3484481E55D5BA007F7453 /* SpotifySDKDemo */;
			targetProxy = EF34845E1E55D5BA007F7453 /* PBXContainerItemProxy */;
		};
		EF34846A1E55D5BA007F7453 /* PBXTargetDependency */ = {
			isa = PBXTargetDependency;
			target = EF3484481E55D5BA007F7453 /* SpotifySDKDemo */;
			targetProxy = EF3484691E55D5BA007F7453 /* PBXContainerItemProxy */;
		};
/* End PBXTargetDependency section */

/* Begin PBXVariantGroup section */
		EF3484501E55D5BA007F7453 /* Main.storyboard */ = {
			isa = PBXVariantGroup;
			children = (
				EF3484511E55D5BA007F7453 /* Base */,
			);
			name = Main.storyboard;
			sourceTree = "<group>";
		};
/* End PBXVariantGroup section */

/* Begin XCBuildConfiguration section */
		EF34846F1E55D5BA007F7453 /* Debug */ = {
			isa = XCBuildConfiguration;
			buildSettings = {
				ALWAYS_SEARCH_USER_PATHS = NO;
				CLANG_ANALYZER_NONNULL = YES;
				CLANG_CXX_LANGUAGE_STANDARD = "gnu++0x";
				CLANG_CXX_LIBRARY = "libc++";
				CLANG_ENABLE_MODULES = YES;
				CLANG_ENABLE_OBJC_ARC = YES;
				CLANG_WARN_BLOCK_CAPTURE_AUTORELEASING = YES;
				CLANG_WARN_BOOL_CONVERSION = YES;
				CLANG_WARN_COMMA = YES;
				CLANG_WARN_CONSTANT_CONVERSION = YES;
				CLANG_WARN_DIRECT_OBJC_ISA_USAGE = YES_ERROR;
				CLANG_WARN_DOCUMENTATION_COMMENTS = YES;
				CLANG_WARN_EMPTY_BODY = YES;
				CLANG_WARN_ENUM_CONVERSION = YES;
				CLANG_WARN_INFINITE_RECURSION = YES;
				CLANG_WARN_INT_CONVERSION = YES;
				CLANG_WARN_NON_LITERAL_NULL_CONVERSION = YES;
				CLANG_WARN_OBJC_LITERAL_CONVERSION = YES;
				CLANG_WARN_OBJC_ROOT_CLASS = YES_ERROR;
				CLANG_WARN_RANGE_LOOP_ANALYSIS = YES;
				CLANG_WARN_STRICT_PROTOTYPES = YES;
				CLANG_WARN_SUSPICIOUS_MOVE = YES;
				CLANG_WARN_SUSPICIOUS_MOVES = YES;
				CLANG_WARN_UNREACHABLE_CODE = YES;
				CLANG_WARN__DUPLICATE_METHOD_MATCH = YES;
				"CODE_SIGN_IDENTITY[sdk=iphoneos*]" = "iPhone Developer";
				COPY_PHASE_STRIP = NO;
				DEBUG_INFORMATION_FORMAT = dwarf;
				ENABLE_STRICT_OBJC_MSGSEND = YES;
				ENABLE_TESTABILITY = YES;
				GCC_C_LANGUAGE_STANDARD = gnu99;
				GCC_DYNAMIC_NO_PIC = NO;
				GCC_NO_COMMON_BLOCKS = YES;
				GCC_OPTIMIZATION_LEVEL = 0;
				GCC_PREPROCESSOR_DEFINITIONS = (
					"DEBUG=1",
					"$(inherited)",
				);
				GCC_WARN_64_TO_32_BIT_CONVERSION = YES;
				GCC_WARN_ABOUT_RETURN_TYPE = YES_ERROR;
				GCC_WARN_UNDECLARED_SELECTOR = YES;
				GCC_WARN_UNINITIALIZED_AUTOS = YES_AGGRESSIVE;
				GCC_WARN_UNUSED_FUNCTION = YES;
				GCC_WARN_UNUSED_VARIABLE = YES;
				IPHONEOS_DEPLOYMENT_TARGET = 9.0;
				MTL_ENABLE_DEBUG_INFO = YES;
				ONLY_ACTIVE_ARCH = YES;
				SDKROOT = iphoneos;
				SWIFT_ACTIVE_COMPILATION_CONDITIONS = DEBUG;
				SWIFT_OPTIMIZATION_LEVEL = "-Onone";
			};
			name = Debug;
		};
		EF3484701E55D5BA007F7453 /* Release */ = {
			isa = XCBuildConfiguration;
			buildSettings = {
				ALWAYS_SEARCH_USER_PATHS = NO;
				CLANG_ANALYZER_NONNULL = YES;
				CLANG_CXX_LANGUAGE_STANDARD = "gnu++0x";
				CLANG_CXX_LIBRARY = "libc++";
				CLANG_ENABLE_MODULES = YES;
				CLANG_ENABLE_OBJC_ARC = YES;
				CLANG_WARN_BLOCK_CAPTURE_AUTORELEASING = YES;
				CLANG_WARN_BOOL_CONVERSION = YES;
				CLANG_WARN_COMMA = YES;
				CLANG_WARN_CONSTANT_CONVERSION = YES;
				CLANG_WARN_DIRECT_OBJC_ISA_USAGE = YES_ERROR;
				CLANG_WARN_DOCUMENTATION_COMMENTS = YES;
				CLANG_WARN_EMPTY_BODY = YES;
				CLANG_WARN_ENUM_CONVERSION = YES;
				CLANG_WARN_INFINITE_RECURSION = YES;
				CLANG_WARN_INT_CONVERSION = YES;
				CLANG_WARN_NON_LITERAL_NULL_CONVERSION = YES;
				CLANG_WARN_OBJC_LITERAL_CONVERSION = YES;
				CLANG_WARN_OBJC_ROOT_CLASS = YES_ERROR;
				CLANG_WARN_RANGE_LOOP_ANALYSIS = YES;
				CLANG_WARN_STRICT_PROTOTYPES = YES;
				CLANG_WARN_SUSPICIOUS_MOVE = YES;
				CLANG_WARN_SUSPICIOUS_MOVES = YES;
				CLANG_WARN_UNREACHABLE_CODE = YES;
				CLANG_WARN__DUPLICATE_METHOD_MATCH = YES;
				"CODE_SIGN_IDENTITY[sdk=iphoneos*]" = "iPhone Developer";
				COPY_PHASE_STRIP = NO;
				DEBUG_INFORMATION_FORMAT = "dwarf-with-dsym";
				ENABLE_NS_ASSERTIONS = NO;
				ENABLE_STRICT_OBJC_MSGSEND = YES;
				GCC_C_LANGUAGE_STANDARD = gnu99;
				GCC_NO_COMMON_BLOCKS = YES;
				GCC_WARN_64_TO_32_BIT_CONVERSION = YES;
				GCC_WARN_ABOUT_RETURN_TYPE = YES_ERROR;
				GCC_WARN_UNDECLARED_SELECTOR = YES;
				GCC_WARN_UNINITIALIZED_AUTOS = YES_AGGRESSIVE;
				GCC_WARN_UNUSED_FUNCTION = YES;
				GCC_WARN_UNUSED_VARIABLE = YES;
				IPHONEOS_DEPLOYMENT_TARGET = 9.0;
				MTL_ENABLE_DEBUG_INFO = NO;
				SDKROOT = iphoneos;
				SWIFT_OPTIMIZATION_LEVEL = "-Owholemodule";
				VALIDATE_PRODUCT = YES;
			};
			name = Release;
		};
		EF3484721E55D5BA007F7453 /* Debug */ = {
			isa = XCBuildConfiguration;
			baseConfigurationReference = 1E98C3FF4A756BE6A0C60FF0 /* Pods-SpotifySDKDemo.debug.xcconfig */;
			buildSettings = {
				ASSETCATALOG_COMPILER_APPICON_NAME = AppIcon;
				CLANG_ENABLE_MODULES = YES;
				DEVELOPMENT_TEAM = DN492V4654;
				FRAMEWORK_SEARCH_PATHS = (
					"$(inherited)",
					"$(PROJECT_DIR)/SpotifySDKDemo",
				);
				INFOPLIST_FILE = SpotifySDKDemo/Info.plist;
				IPHONEOS_DEPLOYMENT_TARGET = 9.0;
				LD_RUNPATH_SEARCH_PATHS = "$(inherited) @executable_path/Frameworks";
				OTHER_LDFLAGS = "-ObjC";
				PRODUCT_BUNDLE_IDENTIFIER = com.LIS4910.PartyShuffle;
				PRODUCT_NAME = "$(TARGET_NAME)";
				SWIFT_OBJC_BRIDGING_HEADER = "SpotifySDKDemo/SpotifySDKDemo-Bridging-Header.h";
				SWIFT_OPTIMIZATION_LEVEL = "-Onone";
				SWIFT_VERSION = 4.0;
			};
			name = Debug;
		};
		EF3484731E55D5BA007F7453 /* Release */ = {
			isa = XCBuildConfiguration;
			baseConfigurationReference = AEFE756EAA79969CD11C4C34 /* Pods-SpotifySDKDemo.release.xcconfig */;
			buildSettings = {
				ASSETCATALOG_COMPILER_APPICON_NAME = AppIcon;
				CLANG_ENABLE_MODULES = YES;
				DEVELOPMENT_TEAM = DN492V4654;
				FRAMEWORK_SEARCH_PATHS = (
					"$(inherited)",
					"$(PROJECT_DIR)/SpotifySDKDemo",
				);
				INFOPLIST_FILE = SpotifySDKDemo/Info.plist;
				IPHONEOS_DEPLOYMENT_TARGET = 9.0;
				LD_RUNPATH_SEARCH_PATHS = "$(inherited) @executable_path/Frameworks";
				OTHER_LDFLAGS = "-ObjC";
				PRODUCT_BUNDLE_IDENTIFIER = com.LIS4910.PartyShuffle;
				PRODUCT_NAME = "$(TARGET_NAME)";
				SWIFT_OBJC_BRIDGING_HEADER = "SpotifySDKDemo/SpotifySDKDemo-Bridging-Header.h";
				SWIFT_VERSION = 4.0;
			};
			name = Release;
		};
		EF3484751E55D5BA007F7453 /* Debug */ = {
			isa = XCBuildConfiguration;
			buildSettings = {
				ALWAYS_EMBED_SWIFT_STANDARD_LIBRARIES = YES;
				BUNDLE_LOADER = "$(TEST_HOST)";
				DEVELOPMENT_TEAM = U7QG5FXY5E;
				INFOPLIST_FILE = SpotifySDKDemoTests/Info.plist;
				LD_RUNPATH_SEARCH_PATHS = "$(inherited) @executable_path/Frameworks @loader_path/Frameworks";
				PRODUCT_BUNDLE_IDENTIFIER = com.bsi.SpotifySDKDemoTests;
				PRODUCT_NAME = "$(TARGET_NAME)";
				SWIFT_VERSION = 4.0;
				TEST_HOST = "$(BUILT_PRODUCTS_DIR)/SpotifySDKDemo.app/SpotifySDKDemo";
			};
			name = Debug;
		};
		EF3484761E55D5BA007F7453 /* Release */ = {
			isa = XCBuildConfiguration;
			buildSettings = {
				ALWAYS_EMBED_SWIFT_STANDARD_LIBRARIES = YES;
				BUNDLE_LOADER = "$(TEST_HOST)";
				DEVELOPMENT_TEAM = U7QG5FXY5E;
				INFOPLIST_FILE = SpotifySDKDemoTests/Info.plist;
				LD_RUNPATH_SEARCH_PATHS = "$(inherited) @executable_path/Frameworks @loader_path/Frameworks";
				PRODUCT_BUNDLE_IDENTIFIER = com.bsi.SpotifySDKDemoTests;
				PRODUCT_NAME = "$(TARGET_NAME)";
				SWIFT_VERSION = 4.0;
				TEST_HOST = "$(BUILT_PRODUCTS_DIR)/SpotifySDKDemo.app/SpotifySDKDemo";
			};
			name = Release;
		};
		EF3484781E55D5BA007F7453 /* Debug */ = {
			isa = XCBuildConfiguration;
			buildSettings = {
				ALWAYS_EMBED_SWIFT_STANDARD_LIBRARIES = YES;
				DEVELOPMENT_TEAM = U7QG5FXY5E;
				INFOPLIST_FILE = SpotifySDKDemoUITests/Info.plist;
				LD_RUNPATH_SEARCH_PATHS = "$(inherited) @executable_path/Frameworks @loader_path/Frameworks";
				PRODUCT_BUNDLE_IDENTIFIER = com.bsi.SpotifySDKDemoUITests;
				PRODUCT_NAME = "$(TARGET_NAME)";
				SWIFT_VERSION = 4.0;
				TEST_TARGET_NAME = SpotifySDKDemo;
			};
			name = Debug;
		};
		EF3484791E55D5BA007F7453 /* Release */ = {
			isa = XCBuildConfiguration;
			buildSettings = {
				ALWAYS_EMBED_SWIFT_STANDARD_LIBRARIES = YES;
				DEVELOPMENT_TEAM = U7QG5FXY5E;
				INFOPLIST_FILE = SpotifySDKDemoUITests/Info.plist;
				LD_RUNPATH_SEARCH_PATHS = "$(inherited) @executable_path/Frameworks @loader_path/Frameworks";
				PRODUCT_BUNDLE_IDENTIFIER = com.bsi.SpotifySDKDemoUITests;
				PRODUCT_NAME = "$(TARGET_NAME)";
				SWIFT_VERSION = 4.0;
				TEST_TARGET_NAME = SpotifySDKDemo;
			};
			name = Release;
		};
/* End XCBuildConfiguration section */

/* Begin XCConfigurationList section */
		EF3484441E55D5BA007F7453 /* Build configuration list for PBXProject "SpotifySDKDemo" */ = {
			isa = XCConfigurationList;
			buildConfigurations = (
				EF34846F1E55D5BA007F7453 /* Debug */,
				EF3484701E55D5BA007F7453 /* Release */,
			);
			defaultConfigurationIsVisible = 0;
			defaultConfigurationName = Release;
		};
		EF3484711E55D5BA007F7453 /* Build configuration list for PBXNativeTarget "SpotifySDKDemo" */ = {
			isa = XCConfigurationList;
			buildConfigurations = (
				EF3484721E55D5BA007F7453 /* Debug */,
				EF3484731E55D5BA007F7453 /* Release */,
			);
			defaultConfigurationIsVisible = 0;
			defaultConfigurationName = Release;
		};
		EF3484741E55D5BA007F7453 /* Build configuration list for PBXNativeTarget "SpotifySDKDemoTests" */ = {
			isa = XCConfigurationList;
			buildConfigurations = (
				EF3484751E55D5BA007F7453 /* Debug */,
				EF3484761E55D5BA007F7453 /* Release */,
			);
			defaultConfigurationIsVisible = 0;
			defaultConfigurationName = Release;
		};
		EF3484771E55D5BA007F7453 /* Build configuration list for PBXNativeTarget "SpotifySDKDemoUITests" */ = {
			isa = XCConfigurationList;
			buildConfigurations = (
				EF3484781E55D5BA007F7453 /* Debug */,
				EF3484791E55D5BA007F7453 /* Release */,
			);
			defaultConfigurationIsVisible = 0;
			defaultConfigurationName = Release;
		};
/* End XCConfigurationList section */
	};
	rootObject = EF3484411E55D5BA007F7453 /* Project object */;
}
